
Microsoft Visual Studio Solution File, Format Version 12.00
# Visual Studio Version 17
VisualStudioVersion = 17.6.33712.159
MinimumVisualStudioVersion = 10.0.40219.1
Project("{FAE04EC0-301F-11D3-BF4B-00C04F79EFBC}") = "Sort", "Sort\Sort.csproj", "{4BCBD036-8E7E-4A99-8AAD-BB1F63E4A26F}"
EndProject
Project("{FAE04EC0-301F-11D3-BF4B-00C04F79EFBC}") = "Sort_Library", "Sort_Library\Sort_Library.csproj", "{F29A6389-9C79-473A-AD9C-86E3D0E329CC}"
EndProject
Global
	GlobalSection(SolutionConfigurationPlatforms) = preSolution
		Debug|Any CPU = Debug|Any CPU
		Release|Any CPU = Release|Any CPU
	EndGlobalSection
	GlobalSection(ProjectConfigurationPlatforms) = postSolution
		{4BCBD036-8E7E-4A99-8AAD-BB1F63E4A26F}.Debug|Any CPU.ActiveCfg = Debug|Any CPU
		{4BCBD036-8E7E-4A99-8AAD-BB1F63E4A26F}.Debug|Any CPU.Build.0 = Debug|Any CPU
		{4BCBD036-8E7E-4A99-8AAD-BB1F63E4A26F}.Release|Any CPU.ActiveCfg = Release|Any CPU
		{4BCBD036-8E7E-4A99-8AAD-BB1F63E4A26F}.Release|Any CPU.Build.0 = Release|Any CPU
		{F29A6389-9C79-473A-AD9C-86E3D0E329CC}.Debug|Any CPU.ActiveCfg = Debug|Any CPU
		{F29A6389-9C79-473A-AD9C-86E3D0E329CC}.Debug|Any CPU.Build.0 = Debug|Any CPU
		{F29A6389-9C79-473A-AD9C-86E3D0E329CC}.Release|Any CPU.ActiveCfg = Release|Any CPU
		{F29A6389-9C79-473A-AD9C-86E3D0E329CC}.Release|Any CPU.Build.0 = Release|Any CPU
	EndGlobalSection
	GlobalSection(SolutionProperties) = preSolution
		HideSolutionNode = FALSE
	EndGlobalSection
	GlobalSection(ExtensibilityGlobals) = postSolution
		SolutionGuid = {091A7A4B-07A2-4D5C-B4FD-03F04C988D7E}
	EndGlobalSection
EndGlobal
